// !$*UTF8*$!
{
	archiveVersion = 1;
	classes = {
	};
	objectVersion = 46;
	objects = {

/* Begin PBXBuildFile section */
		730FF6A71EE948D600E8B108 /* main.m in Sources */ = {isa = PBXBuildFile; fileRef = 730FF6A61EE948D600E8B108 /* main.m */; };
		730FF6AA1EE948D600E8B108 /* AppDelegate.m in Sources */ = {isa = PBXBuildFile; fileRef = 730FF6A91EE948D600E8B108 /* AppDelegate.m */; };
		730FF6AD1EE948D600E8B108 /* ViewController.m in Sources */ = {isa = PBXBuildFile; fileRef = 730FF6AC1EE948D600E8B108 /* ViewController.m */; };
		730FF6B01EE948D600E8B108 /* Main.storyboard in Resources */ = {isa = PBXBuildFile; fileRef = 730FF6AE1EE948D600E8B108 /* Main.storyboard */; };
		730FF6B21EE948D600E8B108 /* Assets.xcassets in Resources */ = {isa = PBXBuildFile; fileRef = 730FF6B11EE948D600E8B108 /* Assets.xcassets */; };
		730FF6B51EE948D600E8B108 /* LaunchScreen.storyboard in Resources */ = {isa = PBXBuildFile; fileRef = 730FF6B31EE948D600E8B108 /* LaunchScreen.storyboard */; };
		730FF6C01EE948D600E8B108 /* ImageGestureTests.m in Sources */ = {isa = PBXBuildFile; fileRef = 730FF6BF1EE948D600E8B108 /* ImageGestureTests.m */; };
		730FF6CB1EE948D600E8B108 /* ImageGestureUITests.m in Sources */ = {isa = PBXBuildFile; fileRef = 730FF6CA1EE948D600E8B108 /* ImageGestureUITests.m */; };
		730FF6DB1EE9490F00E8B108 /* ImageViewController.m in Sources */ = {isa = PBXBuildFile; fileRef = 730FF6D91EE9490F00E8B108 /* ImageViewController.m */; };
		730FF6DC1EE9490F00E8B108 /* ImageViewController.xib in Resources */ = {isa = PBXBuildFile; fileRef = 730FF6DA1EE9490F00E8B108 /* ImageViewController.xib */; };
/* End PBXBuildFile section */

/* Begin PBXContainerItemProxy section */
		730FF6BC1EE948D600E8B108 /* PBXContainerItemProxy */ = {
			isa = PBXContainerItemProxy;
			containerPortal = 730FF69A1EE948D600E8B108 /* Project object */;
			proxyType = 1;
			remoteGlobalIDString = 730FF6A11EE948D600E8B108;
			remoteInfo = ImageGesture;
		};
		730FF6C71EE948D600E8B108 /* PBXContainerItemProxy */ = {
			isa = PBXContainerItemProxy;
			containerPortal = 730FF69A1EE948D600E8B108 /* Project object */;
			proxyType = 1;
			remoteGlobalIDString = 730FF6A11EE948D600E8B108;
			remoteInfo = ImageGesture;
		};
/* End PBXContainerItemProxy section */

/* Begin PBXFileReference section */
		730FF6A21EE948D600E8B108 /* ImageGesture.app */ = {isa = PBXFileReference; explicitFileType = wrapper.application; includeInIndex = 0; path = ImageGesture.app; sourceTree = BUILT_PRODUCTS_DIR; };
		730FF6A61EE948D600E8B108 /* main.m */ = {isa = PBXFileReference; lastKnownFileType = sourcecode.c.objc; path = main.m; sourceTree = "<group>"; };
		730FF6A81EE948D600E8B108 /* AppDelegate.h */ = {isa = PBXFileReference; lastKnownFileType = sourcecode.c.h; path = AppDelegate.h; sourceTree = "<group>"; };
		730FF6A91EE948D600E8B108 /* AppDelegate.m */ = {isa = PBXFileReference; lastKnownFileType = sourcecode.c.objc; path = AppDelegate.m; sourceTree = "<group>"; };
		730FF6AB1EE948D600E8B108 /* ViewController.h */ = {isa = PBXFileReference; lastKnownFileType = sourcecode.c.h; path = ViewController.h; sourceTree = "<group>"; };
		730FF6AC1EE948D600E8B108 /* ViewController.m */ = {isa = PBXFileReference; lastKnownFileType = sourcecode.c.objc; path = ViewController.m; sourceTree = "<group>"; };
		730FF6AF1EE948D600E8B108 /* Base */ = {isa = PBXFileReference; lastKnownFileType = file.storyboard; name = Base; path = Base.lproj/Main.storyboard; sourceTree = "<group>"; };
		730FF6B11EE948D600E8B108 /* Assets.xcassets */ = {isa = PBXFileReference; lastKnownFileType = folder.assetcatalog; path = Assets.xcassets; sourceTree = "<group>"; };
		730FF6B41EE948D600E8B108 /* Base */ = {isa = PBXFileReference; lastKnownFileType = file.storyboard; name = Base; path = Base.lproj/LaunchScreen.storyboard; sourceTree = "<group>"; };
		730FF6B61EE948D600E8B108 /* Info.plist */ = {isa = PBXFileReference; lastKnownFileType = text.plist.xml; path = Info.plist; sourceTree = "<group>"; };
		730FF6BB1EE948D600E8B108 /* ImageGestureTests.xctest */ = {isa = PBXFileReference; explicitFileType = wrapper.cfbundle; includeInIndex = 0; path = ImageGestureTests.xctest; sourceTree = BUILT_PRODUCTS_DIR; };
		730FF6BF1EE948D600E8B108 /* ImageGestureTests.m */ = {isa = PBXFileReference; lastKnownFileType = sourcecode.c.objc; path = ImageGestureTests.m; sourceTree = "<group>"; };
		730FF6C11EE948D600E8B108 /* Info.plist */ = {isa = PBXFileReference; lastKnownFileType = text.plist.xml; path = Info.plist; sourceTree = "<group>"; };
		730FF6C61EE948D600E8B108 /* ImageGestureUITests.xctest */ = {isa = PBXFileReference; explicitFileType = wrapper.cfbundle; includeInIndex = 0; path = ImageGestureUITests.xctest; sourceTree = BUILT_PRODUCTS_DIR; };
		730FF6CA1EE948D600E8B108 /* ImageGestureUITests.m */ = {isa = PBXFileReference; lastKnownFileType = sourcecode.c.objc; path = ImageGestureUITests.m; sourceTree = "<group>"; };
		730FF6CC1EE948D600E8B108 /* Info.plist */ = {isa = PBXFileReference; lastKnownFileType = text.plist.xml; path = Info.plist; sourceTree = "<group>"; };
		730FF6D81EE9490F00E8B108 /* ImageViewController.h */ = {isa = PBXFileReference; fileEncoding = 4; lastKnownFileType = sourcecode.c.h; path = ImageViewController.h; sourceTree = "<group>"; };
		730FF6D91EE9490F00E8B108 /* ImageViewController.m */ = {isa = PBXFileReference; fileEncoding = 4; lastKnownFileType = sourcecode.c.objc; path = ImageViewController.m; sourceTree = "<group>"; };
		730FF6DA1EE9490F00E8B108 /* ImageViewController.xib */ = {isa = PBXFileReference; fileEncoding = 4; lastKnownFileType = file.xib; path = ImageViewController.xib; sourceTree = "<group>"; };
/* End PBXFileReference section */

/* Begin PBXFrameworksBuildPhase section */
		730FF69F1EE948D600E8B108 /* Frameworks */ = {
			isa = PBXFrameworksBuildPhase;
			buildActionMask = 2147483647;
			files = (
			);
			runOnlyForDeploymentPostprocessing = 0;
		};
		730FF6B81EE948D600E8B108 /* Frameworks */ = {
			isa = PBXFrameworksBuildPhase;
			buildActionMask = 2147483647;
			files = (
			);
			runOnlyForDeploymentPostprocessing = 0;
		};
		730FF6C31EE948D600E8B108 /* Frameworks */ = {
			isa = PBXFrameworksBuildPhase;
			buildActionMask = 2147483647;
			files = (
			);
			runOnlyForDeploymentPostprocessing = 0;
		};
/* End PBXFrameworksBuildPhase section */

/* Begin PBXGroup section */
		730FF6991EE948D600E8B108 = {
			isa = PBXGroup;
			children = (
				730FF6A41EE948D600E8B108 /* ImageGesture */,
				730FF6BE1EE948D600E8B108 /* ImageGestureTests */,
				730FF6C91EE948D600E8B108 /* ImageGestureUITests */,
				730FF6A31EE948D600E8B108 /* Products */,
			);
			sourceTree = "<group>";
		};
		730FF6A31EE948D600E8B108 /* Products */ = {
			isa = PBXGroup;
			children = (
				730FF6A21EE948D600E8B108 /* ImageGesture.app */,
				730FF6BB1EE948D600E8B108 /* ImageGestureTests.xctest */,
				730FF6C61EE948D600E8B108 /* ImageGestureUITests.xctest */,
			);
			name = Products;
			sourceTree = "<group>";
		};
		730FF6A41EE948D600E8B108 /* ImageGesture */ = {
			isa = PBXGroup;
			children = (
				730FF6A81EE948D600E8B108 /* AppDelegate.h */,
				730FF6A91EE948D600E8B108 /* AppDelegate.m */,
				730FF6AB1EE948D600E8B108 /* ViewController.h */,
				730FF6AC1EE948D600E8B108 /* ViewController.m */,
				730FF6D81EE9490F00E8B108 /* ImageViewController.h */,
				730FF6D91EE9490F00E8B108 /* ImageViewController.m */,
				730FF6DA1EE9490F00E8B108 /* ImageViewController.xib */,
				730FF6AE1EE948D600E8B108 /* Main.storyboard */,
				730FF6B11EE948D600E8B108 /* Assets.xcassets */,
				730FF6B31EE948D600E8B108 /* LaunchScreen.storyboard */,
				730FF6B61EE948D600E8B108 /* Info.plist */,
				730FF6A51EE948D600E8B108 /* Supporting Files */,
			);
			path = ImageGesture;
			sourceTree = "<group>";
		};
		730FF6A51EE948D600E8B108 /* Supporting Files */ = {
			isa = PBXGroup;
			children = (
				730FF6A61EE948D600E8B108 /* main.m */,
			);
			name = "Supporting Files";
			sourceTree = "<group>";
		};
		730FF6BE1EE948D600E8B108 /* ImageGestureTests */ = {
			isa = PBXGroup;
			children = (
				730FF6BF1EE948D600E8B108 /* ImageGestureTests.m */,
				730FF6C11EE948D600E8B108 /* Info.plist */,
			);
			path = ImageGestureTests;
			sourceTree = "<group>";
		};
		730FF6C91EE948D600E8B108 /* ImageGestureUITests */ = {
			isa = PBXGroup;
			children = (
				730FF6CA1EE948D600E8B108 /* ImageGestureUITests.m */,
				730FF6CC1EE948D600E8B108 /* Info.plist */,
			);
			path = ImageGestureUITests;
			sourceTree = "<group>";
		};
/* End PBXGroup section */

/* Begin PBXNativeTarget section */
		730FF6A11EE948D600E8B108 /* ImageGesture */ = {
			isa = PBXNativeTarget;
			buildConfigurationList = 730FF6CF1EE948D600E8B108 /* Build configuration list for PBXNativeTarget "ImageGesture" */;
			buildPhases = (
				730FF69E1EE948D600E8B108 /* Sources */,
				730FF69F1EE948D600E8B108 /* Frameworks */,
				730FF6A01EE948D600E8B108 /* Resources */,
			);
			buildRules = (
			);
			dependencies = (
			);
			name = ImageGesture;
			productName = ImageGesture;
			productReference = 730FF6A21EE948D600E8B108 /* ImageGesture.app */;
			productType = "com.apple.product-type.application";
		};
		730FF6BA1EE948D600E8B108 /* ImageGestureTests */ = {
			isa = PBXNativeTarget;
			buildConfigurationList = 730FF6D21EE948D600E8B108 /* Build configuration list for PBXNativeTarget "ImageGestureTests" */;
			buildPhases = (
				730FF6B71EE948D600E8B108 /* Sources */,
				730FF6B81EE948D600E8B108 /* Frameworks */,
				730FF6B91EE948D600E8B108 /* Resources */,
			);
			buildRules = (
			);
			dependencies = (
				730FF6BD1EE948D600E8B108 /* PBXTargetDependency */,
			);
			name = ImageGestureTests;
			productName = ImageGestureTests;
			productReference = 730FF6BB1EE948D600E8B108 /* ImageGestureTests.xctest */;
			productType = "com.apple.product-type.bundle.unit-test";
		};
		730FF6C51EE948D600E8B108 /* ImageGestureUITests */ = {
			isa = PBXNativeTarget;
			buildConfigurationList = 730FF6D51EE948D600E8B108 /* Build configuration list for PBXNativeTarget "ImageGestureUITests" */;
			buildPhases = (
				730FF6C21EE948D600E8B108 /* Sources */,
				730FF6C31EE948D600E8B108 /* Frameworks */,
				730FF6C41EE948D600E8B108 /* Resources */,
			);
			buildRules = (
			);
			dependencies = (
				730FF6C81EE948D600E8B108 /* PBXTargetDependency */,
			);
			name = ImageGestureUITests;
			productName = ImageGestureUITests;
			productReference = 730FF6C61EE948D600E8B108 /* ImageGestureUITests.xctest */;
			productType = "com.apple.product-type.bundle.ui-testing";
		};
/* End PBXNativeTarget section */

/* Begin PBXProject section */
		730FF69A1EE948D600E8B108 /* Project object */ = {
			isa = PBXProject;
			attributes = {
				LastUpgradeCheck = 0810;
				ORGANIZATIONNAME = "郑麟";
				TargetAttributes = {
					730FF6A11EE948D600E8B108 = {
						CreatedOnToolsVersion = 8.1;
						DevelopmentTeam = W547SRU75H;
						ProvisioningStyle = Automatic;
					};
					730FF6BA1EE948D600E8B108 = {
						CreatedOnToolsVersion = 8.1;
						DevelopmentTeam = Z823693P7K;
						ProvisioningStyle = Automatic;
						TestTargetID = 730FF6A11EE948D600E8B108;
					};
					730FF6C51EE948D600E8B108 = {
						CreatedOnToolsVersion = 8.1;
						DevelopmentTeam = Z823693P7K;
						ProvisioningStyle = Automatic;
						TestTargetID = 730FF6A11EE948D600E8B108;
					};
				};
			};
			buildConfigurationList = 730FF69D1EE948D600E8B108 /* Build configuration list for PBXProject "ImageGesture" */;
			compatibilityVersion = "Xcode 3.2";
			developmentRegion = English;
			hasScannedForEncodings = 0;
			knownRegions = (
				en,
				Base,
			);
			mainGroup = 730FF6991EE948D600E8B108;
			productRefGroup = 730FF6A31EE948D600E8B108 /* Products */;
			projectDirPath = "";
			projectRoot = "";
			targets = (
				730FF6A11EE948D600E8B108 /* ImageGesture */,
				730FF6BA1EE948D600E8B108 /* ImageGestureTests */,
				730FF6C51EE948D600E8B108 /* ImageGestureUITests */,
			);
		};
/* End PBXProject section */

/* Begin PBXResourcesBuildPhase section */
		730FF6A01EE948D600E8B108 /* Resources */ = {
			isa = PBXResourcesBuildPhase;
			buildActionMask = 2147483647;
			files = (
				730FF6B51EE948D600E8B108 /* LaunchScreen.storyboard in Resources */,
				730FF6B21EE948D600E8B108 /* Assets.xcassets in Resources */,
				730FF6DC1EE9490F00E8B108 /* ImageViewController.xib in Resources */,
				730FF6B01EE948D600E8B108 /* Main.storyboard in Resources */,
			);
			runOnlyForDeploymentPostprocessing = 0;
		};
		730FF6B91EE948D600E8B108 /* Resources */ = {
			isa = PBXResourcesBuildPhase;
			buildActionMask = 2147483647;
			files = (
			);
			runOnlyForDeploymentPostprocessing = 0;
		};
		730FF6C41EE948D600E8B108 /* Resources */ = {
			isa = PBXResourcesBuildPhase;
			buildActionMask = 2147483647;
			files = (
			);
			runOnlyForDeploymentPostprocessing = 0;
		};
/* End PBXResourcesBuildPhase section */

/* Begin PBXSourcesBuildPhase section */
		730FF69E1EE948D600E8B108 /* Sources */ = {
			isa = PBXSourcesBuildPhase;
			buildActionMask = 2147483647;
			files = (
				730FF6AD1EE948D600E8B108 /* ViewController.m in Sources */,
				730FF6AA1EE948D600E8B108 /* AppDelegate.m in Sources */,
				730FF6DB1EE9490F00E8B108 /* ImageViewController.m in Sources */,
				730FF6A71EE948D600E8B108 /* main.m in Sources */,
			);
			runOnlyForDeploymentPostprocessing = 0;
		};
		730FF6B71EE948D600E8B108 /* Sources */ = {
			isa = PBXSourcesBuildPhase;
			buildActionMask = 2147483647;
			files = (
				730FF6C01EE948D600E8B108 /* ImageGestureTests.m in Sources */,
			);
			runOnlyForDeploymentPostprocessing = 0;
		};
		730FF6C21EE948D600E8B108 /* Sources */ = {
			isa = PBXSourcesBuildPhase;
			buildActionMask = 2147483647;
			files = (
				730FF6CB1EE948D600E8B108 /* ImageGestureUITests.m in Sources */,
			);
			runOnlyForDeploymentPostprocessing = 0;
		};
/* End PBXSourcesBuildPhase section */

/* Begin PBXTargetDependency section */
		730FF6BD1EE948D600E8B108 /* PBXTargetDependency */ = {
			isa = PBXTargetDependency;
			target = 730FF6A11EE948D600E8B108 /* ImageGesture */;
			targetProxy = 730FF6BC1EE948D600E8B108 /* PBXContainerItemProxy */;
		};
		730FF6C81EE948D600E8B108 /* PBXTargetDependency */ = {
			isa = PBXTargetDependency;
			target = 730FF6A11EE948D600E8B108 /* ImageGesture */;
			targetProxy = 730FF6C71EE948D600E8B108 /* PBXContainerItemProxy */;
		};
/* End PBXTargetDependency section */

/* Begin PBXVariantGroup section */
		730FF6AE1EE948D600E8B108 /* Main.storyboard */ = {
			isa = PBXVariantGroup;
			children = (
				730FF6AF1EE948D600E8B108 /* Base */,
			);
			name = Main.storyboard;
			sourceTree = "<group>";
		};
		730FF6B31EE948D600E8B108 /* LaunchScreen.storyboard */ = {
			isa = PBXVariantGroup;
			children = (
				730FF6B41EE948D600E8B108 /* Base */,
			);
			name = LaunchScreen.storyboard;
			sourceTree = "<group>";
		};
/* End PBXVariantGroup section */

/* Begin XCBuildConfiguration section */
		730FF6CD1EE948D600E8B108 /* Debug */ = {
			isa = XCBuildConfiguration;
			buildSettings = {
				ALWAYS_SEARCH_USER_PATHS = NO;
				CLANG_ANALYZER_NONNULL = YES;
				CLANG_CXX_LANGUAGE_STANDARD = "gnu++0x";
				CLANG_CXX_LIBRARY = "libc++";
				CLANG_ENABLE_MODULES = YES;
				CLANG_ENABLE_OBJC_ARC = YES;
				CLANG_WARN_BOOL_CONVERSION = YES;
				CLANG_WARN_CONSTANT_CONVERSION = YES;
				CLANG_WARN_DIRECT_OBJC_ISA_USAGE = YES_ERROR;
				CLANG_WARN_DOCUMENTATION_COMMENTS = YES;
				CLANG_WARN_EMPTY_BODY = YES;
				CLANG_WARN_ENUM_CONVERSION = YES;
				CLANG_WARN_INFINITE_RECURSION = YES;
				CLANG_WARN_INT_CONVERSION = YES;
				CLANG_WARN_OBJC_ROOT_CLASS = YES_ERROR;
				CLANG_WARN_SUSPICIOUS_MOVES = YES;
				CLANG_WARN_UNREACHABLE_CODE = YES;
				CLANG_WARN__DUPLICATE_METHOD_MATCH = YES;
				"CODE_SIGN_IDENTITY[sdk=iphoneos*]" = "iPhone Developer";
				COPY_PHASE_STRIP = NO;
				DEBUG_INFORMATION_FORMAT = dwarf;
				ENABLE_STRICT_OBJC_MSGSEND = YES;
				ENABLE_TESTABILITY = YES;
				GCC_C_LANGUAGE_STANDARD = gnu99;
				GCC_DYNAMIC_NO_PIC = NO;
				GCC_NO_COMMON_BLOCKS = YES;
				GCC_OPTIMIZATION_LEVEL = 0;
				GCC_PREPROCESSOR_DEFINITIONS = (
					"DEBUG=1",
					"$(inherited)",
				);
				GCC_WARN_64_TO_32_BIT_CONVERSION = YES;
				GCC_WARN_ABOUT_RETURN_TYPE = YES_ERROR;
				GCC_WARN_UNDECLARED_SELECTOR = YES;
				GCC_WARN_UNINITIALIZED_AUTOS = YES_AGGRESSIVE;
				GCC_WARN_UNUSED_FUNCTION = YES;
				GCC_WARN_UNUSED_VARIABLE = YES;
				IPHONEOS_DEPLOYMENT_TARGET = 10.1;
				MTL_ENABLE_DEBUG_INFO = YES;
				ONLY_ACTIVE_ARCH = YES;
				SDKROOT = iphoneos;
				TARGETED_DEVICE_FAMILY = "1,2";
			};
			name = Debug;
		};
		730FF6CE1EE948D600E8B108 /* Release */ = {
			isa = XCBuildConfiguration;
			buildSettings = {
				ALWAYS_SEARCH_USER_PATHS = NO;
				CLANG_ANALYZER_NONNULL = YES;
				CLANG_CXX_LANGUAGE_STANDARD = "gnu++0x";
				CLANG_CXX_LIBRARY = "libc++";
				CLANG_ENABLE_MODULES = YES;
				CLANG_ENABLE_OBJC_ARC = YES;
				CLANG_WARN_BOOL_CONVERSION = YES;
				CLANG_WARN_CONSTANT_CONVERSION = YES;
				CLANG_WARN_DIRECT_OBJC_ISA_USAGE = YES_ERROR;
				CLANG_WARN_DOCUMENTATION_COMMENTS = YES;
				CLANG_WARN_EMPTY_BODY = YES;
				CLANG_WARN_ENUM_CONVERSION = YES;
				CLANG_WARN_INFINITE_RECURSION = YES;
				CLANG_WARN_INT_CONVERSION = YES;
				CLANG_WARN_OBJC_ROOT_CLASS = YES_ERROR;
				CLANG_WARN_SUSPICIOUS_MOVES = YES;
				CLANG_WARN_UNREACHABLE_CODE = YES;
				CLANG_WARN__DUPLICATE_METHOD_MATCH = YES;
				"CODE_SIGN_IDENTITY[sdk=iphoneos*]" = "iPhone Developer";
				COPY_PHASE_STRIP = NO;
				DEBUG_INFORMATION_FORMAT = "dwarf-with-dsym";
				ENABLE_NS_ASSERTIONS = NO;
				ENABLE_STRICT_OBJC_MSGSEND = YES;
				GCC_C_LANGUAGE_STANDARD = gnu99;
				GCC_NO_COMMON_BLOCKS = YES;
				GCC_WARN_64_TO_32_BIT_CONVERSION = YES;
				GCC_WARN_ABOUT_RETURN_TYPE = YES_ERROR;
				GCC_WARN_UNDECLARED_SELECTOR = YES;
				GCC_WARN_UNINITIALIZED_AUTOS = YES_AGGRESSIVE;
				GCC_WARN_UNUSED_FUNCTION = YES;
				GCC_WARN_UNUSED_VARIABLE = YES;
				IPHONEOS_DEPLOYMENT_TARGET = 10.1;
				MTL_ENABLE_DEBUG_INFO = NO;
				SDKROOT = iphoneos;
				TARGETED_DEVICE_FAMILY = "1,2";
				VALIDATE_PRODUCT = YES;
			};
			name = Release;
		};
		730FF6D01EE948D600E8B108 /* Debug */ = {
			isa = XCBuildConfiguration;
			buildSettings = {
				ASSETCATALOG_COMPILER_APPICON_NAME = AppIcon;
				DEVELOPMENT_TEAM = W547SRU75H;
				INFOPLIST_FILE = ImageGesture/Info.plist;
				IPHONEOS_DEPLOYMENT_TARGET = 8.0;
				LD_RUNPATH_SEARCH_PATHS = "$(inherited) @executable_path/Frameworks";
				PRODUCT_BUNDLE_IDENTIFIER = com.saiyikeji.ImageGesture;
				PRODUCT_NAME = "$(TARGET_NAME)";
			};
			name = Debug;
		};
		730FF6D11EE948D600E8B108 /* Release */ = {
			isa = XCBuildConfiguration;
			buildSettings = {
				ASSETCATALOG_COMPILER_APPICON_NAME = AppIcon;
				DEVELOPMENT_TEAM = W547SRU75H;
				INFOPLIST_FILE = ImageGesture/Info.plist;
				IPHONEOS_DEPLOYMENT_TARGET = 8.0;
				LD_RUNPATH_SEARCH_PATHS = "$(inherited) @executable_path/Frameworks";
				PRODUCT_BUNDLE_IDENTIFIER = com.saiyikeji.ImageGesture;
				PRODUCT_NAME = "$(TARGET_NAME)";
			};
			name = Release;
		};
		730FF6D31EE948D600E8B108 /* Debug */ = {
			isa = XCBuildConfiguration;
			buildSettings = {
				BUNDLE_LOADER = "$(TEST_HOST)";
				DEVELOPMENT_TEAM = Z823693P7K;
				INFOPLIST_FILE = ImageGestureTests/Info.plist;
				LD_RUNPATH_SEARCH_PATHS = "$(inherited) @executable_path/Frameworks @loader_path/Frameworks";
				PRODUCT_BUNDLE_IDENTIFIER = com.saiyikeji.ImageGestureTests;
				PRODUCT_NAME = "$(TARGET_NAME)";
				TEST_HOST = "$(BUILT_PRODUCTS_DIR)/ImageGesture.app/ImageGesture";
			};
			name = Debug;
		};
		730FF6D41EE948D600E8B108 /* Release */ = {
			isa = XCBuildConfiguration;
			buildSettings = {
				BUNDLE_LOADER = "$(TEST_HOST)";
				DEVELOPMENT_TEAM = Z823693P7K;
				INFOPLIST_FILE = ImageGestureTests/Info.plist;
				LD_RUNPATH_SEARCH_PATHS = "$(inherited) @executable_path/Frameworks @loader_path/Frameworks";
				PRODUCT_BUNDLE_IDENTIFIER = com.saiyikeji.ImageGestureTests;
				PRODUCT_NAME = "$(TARGET_NAME)";
				TEST_HOST = "$(BUILT_PRODUCTS_DIR)/ImageGesture.app/ImageGesture";
			};
			name = Release;
		};
		730FF6D61EE948D600E8B108 /* Debug */ = {
			isa = XCBuildConfiguration;
			buildSettings = {
				DEVELOPMENT_TEAM = Z823693P7K;
				INFOPLIST_FILE = ImageGestureUITests/Info.plist;
				LD_RUNPATH_SEARCH_PATHS = "$(inherited) @executable_path/Frameworks @loader_path/Frameworks";
				PRODUCT_BUNDLE_IDENTIFIER = com.saiyikeji.ImageGestureUITests;
				PRODUCT_NAME = "$(TARGET_NAME)";
				TEST_TARGET_NAME = ImageGesture;
			};
			name = Debug;
		};
		730FF6D71EE948D600E8B108 /* Release */ = {
			isa = XCBuildConfiguration;
			buildSettings = {
				DEVELOPMENT_TEAM = Z823693P7K;
				INFOPLIST_FILE = ImageGestureUITests/Info.plist;
				LD_RUNPATH_SEARCH_PATHS = "$(inherited) @executable_path/Frameworks @loader_path/Frameworks";
				PRODUCT_BUNDLE_IDENTIFIER = com.saiyikeji.ImageGestureUITests;
				PRODUCT_NAME = "$(TARGET_NAME)";
				TEST_TARGET_NAME = ImageGesture;
			};
			name = Release;
		};
/* End XCBuildConfiguration section */

/* Begin XCConfigurationList section */
		730FF69D1EE948D600E8B108 /* Build configuration list for PBXProject "ImageGesture" */ = {
			isa = XCConfigurationList;
			buildConfigurations = (
				730FF6CD1EE948D600E8B108 /* Debug */,
				730FF6CE1EE948D600E8B108 /* Release */,
			);
			defaultConfigurationIsVisible = 0;
			defaultConfigurationName = Release;
		};
		730FF6CF1EE948D600E8B108 /* Build configuration list for PBXNativeTarget "ImageGesture" */ = {
			isa = XCConfigurationList;
			buildConfigurations = (
				730FF6D01EE948D600E8B108 /* Debug */,
				730FF6D11EE948D600E8B108 /* Release */,
			);
			defaultConfigurationIsVisible = 0;
			defaultConfigurationName = Release;
		};
		730FF6D21EE948D600E8B108 /* Build configuration list for PBXNativeTarget "ImageGestureTests" */ = {
			isa = XCConfigurationList;
			buildConfigurations = (
				730FF6D31EE948D600E8B108 /* Debug */,
				730FF6D41EE948D600E8B108 /* Release */,
			);
			defaultConfigurationIsVisible = 0;
			defaultConfigurationName = Release;
		};
		730FF6D51EE948D600E8B108 /* Build configuration list for PBXNativeTarget "ImageGestureUITests" */ = {
			isa = XCConfigurationList;
			buildConfigurations = (
				730FF6D61EE948D600E8B108 /* Debug */,
				730FF6D71EE948D600E8B108 /* Release */,
			);
			defaultConfigurationIsVisible = 0;
			defaultConfigurationName = Release;
		};
/* End XCConfigurationList section */
	};
	rootObject = 730FF69A1EE948D600E8B108 /* Project object */;
}
